{
  "version": "2",
  "remote": {
    "https://deno.land/std@0.123.0/fmt/colors.ts": "8368ddf2d48dfe413ffd04cdbb7ae6a1009cf0dccc9c7ff1d76259d9c61a0621",
    "https://deno.land/std@0.123.0/testing/_diff.ts": "e6a10d2aca8d6c27a9c5b8a2dbbf64353874730af539707b5b39d4128140642d",
    "https://deno.land/std@0.123.0/testing/asserts.ts": "437505f8490a4d261836d822d3418bdd2b152007bdc9b01bdc339bf4b88983a2"
  }
}
